
Microsoft Visual Studio Solution File, Format Version 12.00
# Visual Studio Version 17
VisualStudioVersion = 17.0.32014.148
MinimumVisualStudioVersion = 10.0.40219.1
Project("{FAE04EC0-301F-11D3-BF4B-00C04F79EFBC}") = "FinalHarshGoti", "FinalHarshGoti\FinalHarshGoti.csproj", "{96FDF11E-FF24-4E39-A177-E7C50232A3F7}"
EndProject
Global
	GlobalSection(SolutionConfigurationPlatforms) = preSolution
		Debug|Any CPU = Debug|Any CPU
		Release|Any CPU = Release|Any CPU
	EndGlobalSection
	GlobalSection(ProjectConfigurationPlatforms) = postSolution
		{96FDF11E-FF24-4E39-A177-E7C50232A3F7}.Debug|Any CPU.ActiveCfg = Debug|Any CPU
		{96FDF11E-FF24-4E39-A177-E7C50232A3F7}.Debug|Any CPU.Build.0 = Debug|Any CPU
		{96FDF11E-FF24-4E39-A177-E7C50232A3F7}.Release|Any CPU.ActiveCfg = Release|Any CPU
		{96FDF11E-FF24-4E39-A177-E7C50232A3F7}.Release|Any CPU.Build.0 = Release|Any CPU
	EndGlobalSection
	GlobalSection(SolutionProperties) = preSolution
		HideSolutionNode = FALSE
	EndGlobalSection
	GlobalSection(ExtensibilityGlobals) = postSolution
		SolutionGuid = {C131D7E3-CBAB-4235-BD81-2399A48F0AF2}
	EndGlobalSection
EndGlobal
